
Microsoft Visual Studio Solution File, Format Version 12.00
# Visual Studio 15
VisualStudioVersion = 15.0.27004.2006
MinimumVisualStudioVersion = 10.0.40219.1
Project("{FAE04EC0-301F-11D3-BF4B-00C04F79EFBC}") = "VulnerableWebApp", "WebAppDemo\VulnerableWebApp.csproj", "{13755693-E64C-4816-A5D8-2191FB73A3D3}"
EndProject
Project("{FAE04EC0-301F-11D3-BF4B-00C04F79EFBC}") = "WebAppMVC", "WebAppMVC\WebAppMVC.csproj", "{ACB42526-AE30-4736-8D2F-CC18D7C95870}"
EndProject
Global
	GlobalSection(SolutionConfigurationPlatforms) = preSolution
		Debug|Any CPU = Debug|Any CPU
		Release|Any CPU = Release|Any CPU
	EndGlobalSection
	GlobalSection(ProjectConfigurationPlatforms) = postSolution
		{13755693-E64C-4816-A5D8-2191FB73A3D3}.Debug|Any CPU.ActiveCfg = Debug|Any CPU
		{13755693-E64C-4816-A5D8-2191FB73A3D3}.Debug|Any CPU.Build.0 = Debug|Any CPU
		{13755693-E64C-4816-A5D8-2191FB73A3D3}.Release|Any CPU.ActiveCfg = Release|Any CPU
		{13755693-E64C-4816-A5D8-2191FB73A3D3}.Release|Any CPU.Build.0 = Release|Any CPU
		{ACB42526-AE30-4736-8D2F-CC18D7C95870}.Debug|Any CPU.ActiveCfg = Debug|Any CPU
		{ACB42526-AE30-4736-8D2F-CC18D7C95870}.Debug|Any CPU.Build.0 = Debug|Any CPU
		{ACB42526-AE30-4736-8D2F-CC18D7C95870}.Release|Any CPU.ActiveCfg = Release|Any CPU
		{ACB42526-AE30-4736-8D2F-CC18D7C95870}.Release|Any CPU.Build.0 = Release|Any CPU
	EndGlobalSection
	GlobalSection(SolutionProperties) = preSolution
		HideSolutionNode = FALSE
	EndGlobalSection
	GlobalSection(ExtensibilityGlobals) = postSolution
		SolutionGuid = {6905FF49-9215-4185-86C2-2EC485E195BC}
	EndGlobalSection
EndGlobal
